// !$*UTF8*$!
{
	archiveVersion = 1;
	classes = {
	};
	objectVersion = 50;
	objects = {

/* Begin PBXBuildFile section */
		DCF30C2D2649087E000A42CA /* Web.swift in Sources */ = {isa = PBXBuildFile; fileRef = DCF30C2C2649087E000A42CA /* Web.swift */; };
		DCF4ED1E2643C3BA008D6A85 /* WebViewApp.swift in Sources */ = {isa = PBXBuildFile; fileRef = DCF4ED1D2643C3BA008D6A85 /* WebViewApp.swift */; };
		DCF4ED202643C3BA008D6A85 /* ContentView.swift in Sources */ = {isa = PBXBuildFile; fileRef = DCF4ED1F2643C3BA008D6A85 /* ContentView.swift */; };
		DCF4ED222643C3BD008D6A85 /* Assets.xcassets in Resources */ = {isa = PBXBuildFile; fileRef = DCF4ED212643C3BD008D6A85 /* Assets.xcassets */; };
		DCF4ED252643C3BD008D6A85 /* Preview Assets.xcassets in Resources */ = {isa = PBXBuildFile; fileRef = DCF4ED242643C3BD008D6A85 /* Preview Assets.xcassets */; };
/* End PBXBuildFile section */

/* Begin PBXFileReference section */
		DCF30C2C2649087E000A42CA /* Web.swift */ = {isa = PBXFileReference; lastKnownFileType = sourcecode.swift; path = Web.swift; sourceTree = "<group>"; };
		DCF4ED1A2643C3BA008D6A85 /* WebView.app */ = {isa = PBXFileReference; explicitFileType = wrapper.application; includeInIndex = 0; path = WebView.app; sourceTree = BUILT_PRODUCTS_DIR; };
		DCF4ED1D2643C3BA008D6A85 /* WebViewApp.swift */ = {isa = PBXFileReference; lastKnownFileType = sourcecode.swift; path = WebViewApp.swift; sourceTree = "<group>"; };
		DCF4ED1F2643C3BA008D6A85 /* ContentView.swift */ = {isa = PBXFileReference; lastKnownFileType = sourcecode.swift; path = ContentView.swift; sourceTree = "<group>"; };
		DCF4ED212643C3BD008D6A85 /* Assets.xcassets */ = {isa = PBXFileReference; lastKnownFileType = folder.assetcatalog; path = Assets.xcassets; sourceTree = "<group>"; };
		DCF4ED242643C3BD008D6A85 /* Preview Assets.xcassets */ = {isa = PBXFileReference; lastKnownFileType = folder.assetcatalog; path = "Preview Assets.xcassets"; sourceTree = "<group>"; };
		DCF4ED262643C3BD008D6A85 /* Info.plist */ = {isa = PBXFileReference; lastKnownFileType = text.plist.xml; path = Info.plist; sourceTree = "<group>"; };
/* End PBXFileReference section */

/* Begin PBXFrameworksBuildPhase section */
		DCF4ED172643C3BA008D6A85 /* Frameworks */ = {
			isa = PBXFrameworksBuildPhase;
			buildActionMask = 2147483647;
			files = (
			);
			runOnlyForDeploymentPostprocessing = 0;
		};
/* End PBXFrameworksBuildPhase section */

/* Begin PBXGroup section */
		DCF4ED112643C3BA008D6A85 = {
			isa = PBXGroup;
			children = (
				DCF4ED1C2643C3BA008D6A85 /* WebView */,
				DCF4ED1B2643C3BA008D6A85 /* Products */,
			);
			sourceTree = "<group>";
		};
		DCF4ED1B2643C3BA008D6A85 /* Products */ = {
			isa = PBXGroup;
			children = (
				DCF4ED1A2643C3BA008D6A85 /* WebView.app */,
			);
			name = Products;
			sourceTree = "<group>";
		};
		DCF4ED1C2643C3BA008D6A85 /* WebView */ = {
			isa = PBXGroup;
			children = (
				DCF4ED1D2643C3BA008D6A85 /* WebViewApp.swift */,
				DCF4ED1F2643C3BA008D6A85 /* ContentView.swift */,
				DCF4ED212643C3BD008D6A85 /* Assets.xcassets */,
				DCF4ED262643C3BD008D6A85 /* Info.plist */,
				DCF4ED232643C3BD008D6A85 /* Preview Content */,
				DCF30C2C2649087E000A42CA /* Web.swift */,
			);
			path = WebView;
			sourceTree = "<group>";
		};
		DCF4ED232643C3BD008D6A85 /* Preview Content */ = {
			isa = PBXGroup;
			children = (
				DCF4ED242643C3BD008D6A85 /* Preview Assets.xcassets */,
			);
			path = "Preview Content";
			sourceTree = "<group>";
		};
/* End PBXGroup section */

/* Begin PBXNativeTarget section */
		DCF4ED192643C3BA008D6A85 /* WebView */ = {
			isa = PBXNativeTarget;
			buildConfigurationList = DCF4ED292643C3BD008D6A85 /* Build configuration list for PBXNativeTarget "WebView" */;
			buildPhases = (
				DCF4ED162643C3BA008D6A85 /* Sources */,
				DCF4ED172643C3BA008D6A85 /* Frameworks */,
				DCF4ED182643C3BA008D6A85 /* Resources */,
			);
			buildRules = (
			);
			dependencies = (
			);
			name = WebView;
			productName = WebView;
			productReference = DCF4ED1A2643C3BA008D6A85 /* WebView.app */;
			productType = "com.apple.product-type.application";
		};
/* End PBXNativeTarget section */

/* Begin PBXProject section */
		DCF4ED122643C3BA008D6A85 /* Project object */ = {
			isa = PBXProject;
			attributes = {
				LastSwiftUpdateCheck = 1240;
				LastUpgradeCheck = 1240;
				TargetAttributes = {
					DCF4ED192643C3BA008D6A85 = {
						CreatedOnToolsVersion = 12.4;
					};
				};
			};
			buildConfigurationList = DCF4ED152643C3BA008D6A85 /* Build configuration list for PBXProject "WebView" */;
			compatibilityVersion = "Xcode 9.3";
			developmentRegion = en;
			hasScannedForEncodings = 0;
			knownRegions = (
				en,
				Base,
			);
			mainGroup = DCF4ED112643C3BA008D6A85;
			productRefGroup = DCF4ED1B2643C3BA008D6A85 /* Products */;
			projectDirPath = "";
			projectRoot = "";
			targets = (
				DCF4ED192643C3BA008D6A85 /* WebView */,
			);
		};
/* End PBXProject section */

/* Begin PBXResourcesBuildPhase section */
		DCF4ED182643C3BA008D6A85 /* Resources */ = {
			isa = PBXResourcesBuildPhase;
			buildActionMask = 2147483647;
			files = (
				DCF4ED252643C3BD008D6A85 /* Preview Assets.xcassets in Resources */,
				DCF4ED222643C3BD008D6A85 /* Assets.xcassets in Resources */,
			);
			runOnlyForDeploymentPostprocessing = 0;
		};
/* End PBXResourcesBuildPhase section */

/* Begin PBXSourcesBuildPhase section */
		DCF4ED162643C3BA008D6A85 /* Sources */ = {
			isa = PBXSourcesBuildPhase;
			buildActionMask = 2147483647;
			files = (
				DCF30C2D2649087E000A42CA /* Web.swift in Sources */,
				DCF4ED202643C3BA008D6A85 /* ContentView.swift in Sources */,
				DCF4ED1E2643C3BA008D6A85 /* WebViewApp.swift in Sources */,
			);
			runOnlyForDeploymentPostprocessing = 0;
		};
/* End PBXSourcesBuildPhase section */

/* Begin XCBuildConfiguration section */
		DCF4ED272643C3BD008D6A85 /* Debug */ = {
			isa = XCBuildConfiguration;
			buildSettings = {
				ALWAYS_SEARCH_USER_PATHS = NO;
				CLANG_ANALYZER_NONNULL = YES;
				CLANG_ANALYZER_NUMBER_OBJECT_CONVERSION = YES_AGGRESSIVE;
				CLANG_CXX_LANGUAGE_STANDARD = "gnu++14";
				CLANG_CXX_LIBRARY = "libc++";
				CLANG_ENABLE_MODULES = YES;
				CLANG_ENABLE_OBJC_ARC = YES;
				CLANG_ENABLE_OBJC_WEAK = YES;
				CLANG_WARN_BLOCK_CAPTURE_AUTORELEASING = YES;
				CLANG_WARN_BOOL_CONVERSION = YES;
				CLANG_WARN_COMMA = YES;
				CLANG_WARN_CONSTANT_CONVERSION = YES;
				CLANG_WARN_DEPRECATED_OBJC_IMPLEMENTATIONS = YES;
				CLANG_WARN_DIRECT_OBJC_ISA_USAGE = YES_ERROR;
				CLANG_WARN_DOCUMENTATION_COMMENTS = YES;
				CLANG_WARN_EMPTY_BODY = YES;
				CLANG_WARN_ENUM_CONVERSION = YES;
				CLANG_WARN_INFINITE_RECURSION = YES;
				CLANG_WARN_INT_CONVERSION = YES;
				CLANG_WARN_NON_LITERAL_NULL_CONVERSION = YES;
				CLANG_WARN_OBJC_IMPLICIT_RETAIN_SELF = YES;
				CLANG_WARN_OBJC_LITERAL_CONVERSION = YES;
				CLANG_WARN_OBJC_ROOT_CLASS = YES_ERROR;
				CLANG_WARN_QUOTED_INCLUDE_IN_FRAMEWORK_HEADER = YES;
				CLANG_WARN_RANGE_LOOP_ANALYSIS = YES;
				CLANG_WARN_STRICT_PROTOTYPES = YES;
				CLANG_WARN_SUSPICIOUS_MOVE = YES;
				CLANG_WARN_UNGUARDED_AVAILABILITY = YES_AGGRESSIVE;
				CLANG_WARN_UNREACHABLE_CODE = YES;
				CLANG_WARN__DUPLICATE_METHOD_MATCH = YES;
				COPY_PHASE_STRIP = NO;
				DEBUG_INFORMATION_FORMAT = dwarf;
				ENABLE_STRICT_OBJC_MSGSEND = YES;
				ENABLE_TESTABILITY = YES;
				GCC_C_LANGUAGE_STANDARD = gnu11;
				GCC_DYNAMIC_NO_PIC = NO;
				GCC_NO_COMMON_BLOCKS = YES;
				GCC_OPTIMIZATION_LEVEL = 0;
				GCC_PREPROCESSOR_DEFINITIONS = (
					"DEBUG=1",
					"$(inherited)",
				);
				GCC_WARN_64_TO_32_BIT_CONVERSION = YES;
				GCC_WARN_ABOUT_RETURN_TYPE = YES_ERROR;
				GCC_WARN_UNDECLARED_SELECTOR = YES;
				GCC_WARN_UNINITIALIZED_AUTOS = YES_AGGRESSIVE;
				GCC_WARN_UNUSED_FUNCTION = YES;
				GCC_WARN_UNUSED_VARIABLE = YES;
				IPHONEOS_DEPLOYMENT_TARGET = 14.4;
				MTL_ENABLE_DEBUG_INFO = INCLUDE_SOURCE;
				MTL_FAST_MATH = YES;
				ONLY_ACTIVE_ARCH = YES;
				SDKROOT = iphoneos;
				SWIFT_ACTIVE_COMPILATION_CONDITIONS = DEBUG;
				SWIFT_OPTIMIZATION_LEVEL = "-Onone";
			};
			name = Debug;
		};
		DCF4ED282643C3BD008D6A85 /* Release */ = {
			isa = XCBuildConfiguration;
			buildSettings = {
				ALWAYS_SEARCH_USER_PATHS = NO;
				CLANG_ANALYZER_NONNULL = YES;
				CLANG_ANALYZER_NUMBER_OBJECT_CONVERSION = YES_AGGRESSIVE;
				CLANG_CXX_LANGUAGE_STANDARD = "gnu++14";
				CLANG_CXX_LIBRARY = "libc++";
				CLANG_ENABLE_MODULES = YES;
				CLANG_ENABLE_OBJC_ARC = YES;
				CLANG_ENABLE_OBJC_WEAK = YES;
				CLANG_WARN_BLOCK_CAPTURE_AUTORELEASING = YES;
				CLANG_WARN_BOOL_CONVERSION = YES;
				CLANG_WARN_COMMA = YES;
				CLANG_WARN_CONSTANT_CONVERSION = YES;
				CLANG_WARN_DEPRECATED_OBJC_IMPLEMENTATIONS = YES;
				CLANG_WARN_DIRECT_OBJC_ISA_USAGE = YES_ERROR;
				CLANG_WARN_DOCUMENTATION_COMMENTS = YES;
				CLANG_WARN_EMPTY_BODY = YES;
				CLANG_WARN_ENUM_CONVERSION = YES;
				CLANG_WARN_INFINITE_RECURSION = YES;
				CLANG_WARN_INT_CONVERSION = YES;
				CLANG_WARN_NON_LITERAL_NULL_CONVERSION = YES;
				CLANG_WARN_OBJC_IMPLICIT_RETAIN_SELF = YES;
				CLANG_WARN_OBJC_LITERAL_CONVERSION = YES;
				CLANG_WARN_OBJC_ROOT_CLASS = YES_ERROR;
				CLANG_WARN_QUOTED_INCLUDE_IN_FRAMEWORK_HEADER = YES;
				CLANG_WARN_RANGE_LOOP_ANALYSIS = YES;
				CLANG_WARN_STRICT_PROTOTYPES = YES;
				CLANG_WARN_SUSPICIOUS_MOVE = YES;
				CLANG_WARN_UNGUARDED_AVAILABILITY = YES_AGGRESSIVE;
				CLANG_WARN_UNREACHABLE_CODE = YES;
				CLANG_WARN__DUPLICATE_METHOD_MATCH = YES;
				COPY_PHASE_STRIP = NO;
				DEBUG_INFORMATION_FORMAT = "dwarf-with-dsym";
				ENABLE_NS_ASSERTIONS = NO;
				ENABLE_STRICT_OBJC_MSGSEND = YES;
				GCC_C_LANGUAGE_STANDARD = gnu11;
				GCC_NO_COMMON_BLOCKS = YES;
				GCC_WARN_64_TO_32_BIT_CONVERSION = YES;
				GCC_WARN_ABOUT_RETURN_TYPE = YES_ERROR;
				GCC_WARN_UNDECLARED_SELECTOR = YES;
				GCC_WARN_UNINITIALIZED_AUTOS = YES_AGGRESSIVE;
				GCC_WARN_UNUSED_FUNCTION = YES;
				GCC_WARN_UNUSED_VARIABLE = YES;
				IPHONEOS_DEPLOYMENT_TARGET = 14.4;
				MTL_ENABLE_DEBUG_INFO = NO;
				MTL_FAST_MATH = YES;
				SDKROOT = iphoneos;
				SWIFT_COMPILATION_MODE = wholemodule;
				SWIFT_OPTIMIZATION_LEVEL = "-O";
				VALIDATE_PRODUCT = YES;
			};
			name = Release;
		};
		DCF4ED2A2643C3BD008D6A85 /* Debug */ = {
			isa = XCBuildConfiguration;
			buildSettings = {
				ASSETCATALOG_COMPILER_APPICON_NAME = AppIcon;
				ASSETCATALOG_COMPILER_GLOBAL_ACCENT_COLOR_NAME = AccentColor;
				CODE_SIGN_STYLE = Automatic;
				DEVELOPMENT_ASSET_PATHS = "\"WebView/Preview Content\"";
				DEVELOPMENT_TEAM = 6A6TZSC4CM;
				ENABLE_PREVIEWS = YES;
				INFOPLIST_FILE = WebView/Info.plist;
				IPHONEOS_DEPLOYMENT_TARGET = 14.0;
				LD_RUNPATH_SEARCH_PATHS = (
					"$(inherited)",
					"@executable_path/Frameworks",
				);
				PRODUCT_BUNDLE_IDENTIFIER = com.sanju.firstapp.WebView;
				PRODUCT_NAME = "$(TARGET_NAME)";
				SWIFT_VERSION = 5.0;
				TARGETED_DEVICE_FAMILY = "1,2";
			};
			name = Debug;
		};
		DCF4ED2B2643C3BD008D6A85 /* Release */ = {
			isa = XCBuildConfiguration;
			buildSettings = {
				ASSETCATALOG_COMPILER_APPICON_NAME = AppIcon;
				ASSETCATALOG_COMPILER_GLOBAL_ACCENT_COLOR_NAME = AccentColor;
				CODE_SIGN_STYLE = Automatic;
				DEVELOPMENT_ASSET_PATHS = "\"WebView/Preview Content\"";
				DEVELOPMENT_TEAM = 6A6TZSC4CM;
				ENABLE_PREVIEWS = YES;
				INFOPLIST_FILE = WebView/Info.plist;
				IPHONEOS_DEPLOYMENT_TARGET = 14.0;
				LD_RUNPATH_SEARCH_PATHS = (
					"$(inherited)",
					"@executable_path/Frameworks",
				);
				PRODUCT_BUNDLE_IDENTIFIER = com.sanju.firstapp.WebView;
				PRODUCT_NAME = "$(TARGET_NAME)";
				SWIFT_VERSION = 5.0;
				TARGETED_DEVICE_FAMILY = "1,2";
			};
			name = Release;
		};
/* End XCBuildConfiguration section */

/* Begin XCConfigurationList section */
		DCF4ED152643C3BA008D6A85 /* Build configuration list for PBXProject "WebView" */ = {
			isa = XCConfigurationList;
			buildConfigurations = (
				DCF4ED272643C3BD008D6A85 /* Debug */,
				DCF4ED282643C3BD008D6A85 /* Release */,
			);
			defaultConfigurationIsVisible = 0;
			defaultConfigurationName = Release;
		};
		DCF4ED292643C3BD008D6A85 /* Build configuration list for PBXNativeTarget "WebView" */ = {
			isa = XCConfigurationList;
			buildConfigurations = (
				DCF4ED2A2643C3BD008D6A85 /* Debug */,
				DCF4ED2B2643C3BD008D6A85 /* Release */,
			);
			defaultConfigurationIsVisible = 0;
			defaultConfigurationName = Release;
		};
/* End XCConfigurationList section */
	};
	rootObject = DCF4ED122643C3BA008D6A85 /* Project object */;
}
